// !$*UTF8*$!
{
	archiveVersion = 1;
	classes = {
	};
	objectVersion = 50;
	objects = {

/* Begin PBXBuildFile section */
		4D2D894F22EF3BC500841DFC /* AppDelegate.swift in Sources */ = {isa = PBXBuildFile; fileRef = 4D2D894E22EF3BC500841DFC /* AppDelegate.swift */; };
		4D2D895122EF3BC500841DFC /* ViewController.swift in Sources */ = {isa = PBXBuildFile; fileRef = 4D2D895022EF3BC500841DFC /* ViewController.swift */; };
		4D2D895422EF3BC500841DFC /* Main.storyboard in Resources */ = {isa = PBXBuildFile; fileRef = 4D2D895222EF3BC500841DFC /* Main.storyboard */; };
		4D2D895622EF3BC600841DFC /* Assets.xcassets in Resources */ = {isa = PBXBuildFile; fileRef = 4D2D895522EF3BC600841DFC /* Assets.xcassets */; };
		4D2D895922EF3BC600841DFC /* LaunchScreen.storyboard in Resources */ = {isa = PBXBuildFile; fileRef = 4D2D895722EF3BC600841DFC /* LaunchScreen.storyboard */; };
		4D2D896422EF3BC600841DFC /* MyFirstAppTests.swift in Sources */ = {isa = PBXBuildFile; fileRef = 4D2D896322EF3BC600841DFC /* MyFirstAppTests.swift */; };
		4D2D896F22EF3BC600841DFC /* MyFirstAppUITests.swift in Sources */ = {isa = PBXBuildFile; fileRef = 4D2D896E22EF3BC600841DFC /* MyFirstAppUITests.swift */; };
/* End PBXBuildFile section */

/* Begin PBXContainerItemProxy section */
		4D2D896022EF3BC600841DFC /* PBXContainerItemProxy */ = {
			isa = PBXContainerItemProxy;
			containerPortal = 4D2D894322EF3BC500841DFC /* Project object */;
			proxyType = 1;
			remoteGlobalIDString = 4D2D894A22EF3BC500841DFC;
			remoteInfo = MyFirstApp;
		};
		4D2D896B22EF3BC600841DFC /* PBXContainerItemProxy */ = {
			isa = PBXContainerItemProxy;
			containerPortal = 4D2D894322EF3BC500841DFC /* Project object */;
			proxyType = 1;
			remoteGlobalIDString = 4D2D894A22EF3BC500841DFC;
			remoteInfo = MyFirstApp;
		};
/* End PBXContainerItemProxy section */

/* Begin PBXFileReference section */
		4D2D894B22EF3BC500841DFC /* MyFirstApp.app */ = {isa = PBXFileReference; explicitFileType = wrapper.application; includeInIndex = 0; path = MyFirstApp.app; sourceTree = BUILT_PRODUCTS_DIR; };
		4D2D894E22EF3BC500841DFC /* AppDelegate.swift */ = {isa = PBXFileReference; lastKnownFileType = sourcecode.swift; path = AppDelegate.swift; sourceTree = "<group>"; };
		4D2D895022EF3BC500841DFC /* ViewController.swift */ = {isa = PBXFileReference; lastKnownFileType = sourcecode.swift; path = ViewController.swift; sourceTree = "<group>"; };
		4D2D895322EF3BC500841DFC /* Base */ = {isa = PBXFileReference; lastKnownFileType = file.storyboard; name = Base; path = Base.lproj/Main.storyboard; sourceTree = "<group>"; };
		4D2D895522EF3BC600841DFC /* Assets.xcassets */ = {isa = PBXFileReference; lastKnownFileType = folder.assetcatalog; path = Assets.xcassets; sourceTree = "<group>"; };
		4D2D895822EF3BC600841DFC /* Base */ = {isa = PBXFileReference; lastKnownFileType = file.storyboard; name = Base; path = Base.lproj/LaunchScreen.storyboard; sourceTree = "<group>"; };
		4D2D895A22EF3BC600841DFC /* Info.plist */ = {isa = PBXFileReference; lastKnownFileType = text.plist.xml; path = Info.plist; sourceTree = "<group>"; };
		4D2D895F22EF3BC600841DFC /* MyFirstAppTests.xctest */ = {isa = PBXFileReference; explicitFileType = wrapper.cfbundle; includeInIndex = 0; path = MyFirstAppTests.xctest; sourceTree = BUILT_PRODUCTS_DIR; };
		4D2D896322EF3BC600841DFC /* MyFirstAppTests.swift */ = {isa = PBXFileReference; lastKnownFileType = sourcecode.swift; path = MyFirstAppTests.swift; sourceTree = "<group>"; };
		4D2D896522EF3BC600841DFC /* Info.plist */ = {isa = PBXFileReference; lastKnownFileType = text.plist.xml; path = Info.plist; sourceTree = "<group>"; };
		4D2D896A22EF3BC600841DFC /* MyFirstAppUITests.xctest */ = {isa = PBXFileReference; explicitFileType = wrapper.cfbundle; includeInIndex = 0; path = MyFirstAppUITests.xctest; sourceTree = BUILT_PRODUCTS_DIR; };
		4D2D896E22EF3BC600841DFC /* MyFirstAppUITests.swift */ = {isa = PBXFileReference; lastKnownFileType = sourcecode.swift; path = MyFirstAppUITests.swift; sourceTree = "<group>"; };
		4D2D897022EF3BC600841DFC /* Info.plist */ = {isa = PBXFileReference; lastKnownFileType = text.plist.xml; path = Info.plist; sourceTree = "<group>"; };
/* End PBXFileReference section */

/* Begin PBXFrameworksBuildPhase section */
		4D2D894822EF3BC500841DFC /* Frameworks */ = {
			isa = PBXFrameworksBuildPhase;
			buildActionMask = 2147483647;
			files = (
			);
			runOnlyForDeploymentPostprocessing = 0;
		};
		4D2D895C22EF3BC600841DFC /* Frameworks */ = {
			isa = PBXFrameworksBuildPhase;
			buildActionMask = 2147483647;
			files = (
			);
			runOnlyForDeploymentPostprocessing = 0;
		};
		4D2D896722EF3BC600841DFC /* Frameworks */ = {
			isa = PBXFrameworksBuildPhase;
			buildActionMask = 2147483647;
			files = (
			);
			runOnlyForDeploymentPostprocessing = 0;
		};
/* End PBXFrameworksBuildPhase section */

/* Begin PBXGroup section */
		4D2D894222EF3BC500841DFC = {
			isa = PBXGroup;
			children = (
				4D2D894D22EF3BC500841DFC /* MyFirstApp */,
				4D2D896222EF3BC600841DFC /* MyFirstAppTests */,
				4D2D896D22EF3BC600841DFC /* MyFirstAppUITests */,
				4D2D894C22EF3BC500841DFC /* Products */,
			);
			sourceTree = "<group>";
		};
		4D2D894C22EF3BC500841DFC /* Products */ = {
			isa = PBXGroup;
			children = (
				4D2D894B22EF3BC500841DFC /* MyFirstApp.app */,
				4D2D895F22EF3BC600841DFC /* MyFirstAppTests.xctest */,
				4D2D896A22EF3BC600841DFC /* MyFirstAppUITests.xctest */,
			);
			name = Products;
			sourceTree = "<group>";
		};
		4D2D894D22EF3BC500841DFC /* MyFirstApp */ = {
			isa = PBXGroup;
			children = (
				4D2D897C22EF3D8900841DFC /* SupportingFiles */,
				4D2D895022EF3BC500841DFC /* ViewController.swift */,
				4D2D895222EF3BC500841DFC /* Main.storyboard */,
				4D2D895522EF3BC600841DFC /* Assets.xcassets */,
				4D2D895A22EF3BC600841DFC /* Info.plist */,
			);
			path = MyFirstApp;
			sourceTree = "<group>";
		};
		4D2D896222EF3BC600841DFC /* MyFirstAppTests */ = {
			isa = PBXGroup;
			children = (
				4D2D896322EF3BC600841DFC /* MyFirstAppTests.swift */,
				4D2D896522EF3BC600841DFC /* Info.plist */,
			);
			path = MyFirstAppTests;
			sourceTree = "<group>";
		};
		4D2D896D22EF3BC600841DFC /* MyFirstAppUITests */ = {
			isa = PBXGroup;
			children = (
				4D2D896E22EF3BC600841DFC /* MyFirstAppUITests.swift */,
				4D2D897022EF3BC600841DFC /* Info.plist */,
			);
			path = MyFirstAppUITests;
			sourceTree = "<group>";
		};
		4D2D897C22EF3D8900841DFC /* SupportingFiles */ = {
			isa = PBXGroup;
			children = (
				4D2D894E22EF3BC500841DFC /* AppDelegate.swift */,
				4D2D895722EF3BC600841DFC /* LaunchScreen.storyboard */,
			);
			path = SupportingFiles;
			sourceTree = "<group>";
		};
/* End PBXGroup section */

/* Begin PBXNativeTarget section */
		4D2D894A22EF3BC500841DFC /* MyFirstApp */ = {
			isa = PBXNativeTarget;
			buildConfigurationList = 4D2D897322EF3BC600841DFC /* Build configuration list for PBXNativeTarget "MyFirstApp" */;
			buildPhases = (
				4D2D894722EF3BC500841DFC /* Sources */,
				4D2D894822EF3BC500841DFC /* Frameworks */,
				4D2D894922EF3BC500841DFC /* Resources */,
			);
			buildRules = (
			);
			dependencies = (
			);
			name = MyFirstApp;
			productName = MyFirstApp;
			productReference = 4D2D894B22EF3BC500841DFC /* MyFirstApp.app */;
			productType = "com.apple.product-type.application";
		};
		4D2D895E22EF3BC600841DFC /* MyFirstAppTests */ = {
			isa = PBXNativeTarget;
			buildConfigurationList = 4D2D897622EF3BC600841DFC /* Build configuration list for PBXNativeTarget "MyFirstAppTests" */;
			buildPhases = (
				4D2D895B22EF3BC600841DFC /* Sources */,
				4D2D895C22EF3BC600841DFC /* Frameworks */,
				4D2D895D22EF3BC600841DFC /* Resources */,
			);
			buildRules = (
			);
			dependencies = (
				4D2D896122EF3BC600841DFC /* PBXTargetDependency */,
			);
			name = MyFirstAppTests;
			productName = MyFirstAppTests;
			productReference = 4D2D895F22EF3BC600841DFC /* MyFirstAppTests.xctest */;
			productType = "com.apple.product-type.bundle.unit-test";
		};
		4D2D896922EF3BC600841DFC /* MyFirstAppUITests */ = {
			isa = PBXNativeTarget;
			buildConfigurationList = 4D2D897922EF3BC600841DFC /* Build configuration list for PBXNativeTarget "MyFirstAppUITests" */;
			buildPhases = (
				4D2D896622EF3BC600841DFC /* Sources */,
				4D2D896722EF3BC600841DFC /* Frameworks */,
				4D2D896822EF3BC600841DFC /* Resources */,
			);
			buildRules = (
			);
			dependencies = (
				4D2D896C22EF3BC600841DFC /* PBXTargetDependency */,
			);
			name = MyFirstAppUITests;
			productName = MyFirstAppUITests;
			productReference = 4D2D896A22EF3BC600841DFC /* MyFirstAppUITests.xctest */;
			productType = "com.apple.product-type.bundle.ui-testing";
		};
/* End PBXNativeTarget section */

/* Begin PBXProject section */
		4D2D894322EF3BC500841DFC /* Project object */ = {
			isa = PBXProject;
			attributes = {
				LastSwiftUpdateCheck = 1020;
				LastUpgradeCheck = 1020;
				ORGANIZATIONNAME = "Angela Garrovillas";
				TargetAttributes = {
					4D2D894A22EF3BC500841DFC = {
						CreatedOnToolsVersion = 10.2.1;
					};
					4D2D895E22EF3BC600841DFC = {
						CreatedOnToolsVersion = 10.2.1;
						TestTargetID = 4D2D894A22EF3BC500841DFC;
					};
					4D2D896922EF3BC600841DFC = {
						CreatedOnToolsVersion = 10.2.1;
						TestTargetID = 4D2D894A22EF3BC500841DFC;
					};
				};
			};
			buildConfigurationList = 4D2D894622EF3BC500841DFC /* Build configuration list for PBXProject "MyFirstApp" */;
			compatibilityVersion = "Xcode 9.3";
			developmentRegion = en;
			hasScannedForEncodings = 0;
			knownRegions = (
				en,
				Base,
			);
			mainGroup = 4D2D894222EF3BC500841DFC;
			productRefGroup = 4D2D894C22EF3BC500841DFC /* Products */;
			projectDirPath = "";
			projectRoot = "";
			targets = (
				4D2D894A22EF3BC500841DFC /* MyFirstApp */,
				4D2D895E22EF3BC600841DFC /* MyFirstAppTests */,
				4D2D896922EF3BC600841DFC /* MyFirstAppUITests */,
			);
		};
/* End PBXProject section */

/* Begin PBXResourcesBuildPhase section */
		4D2D894922EF3BC500841DFC /* Resources */ = {
			isa = PBXResourcesBuildPhase;
			buildActionMask = 2147483647;
			files = (
				4D2D895922EF3BC600841DFC /* LaunchScreen.storyboard in Resources */,
				4D2D895622EF3BC600841DFC /* Assets.xcassets in Resources */,
				4D2D895422EF3BC500841DFC /* Main.storyboard in Resources */,
			);
			runOnlyForDeploymentPostprocessing = 0;
		};
		4D2D895D22EF3BC600841DFC /* Resources */ = {
			isa = PBXResourcesBuildPhase;
			buildActionMask = 2147483647;
			files = (
			);
			runOnlyForDeploymentPostprocessing = 0;
		};
		4D2D896822EF3BC600841DFC /* Resources */ = {
			isa = PBXResourcesBuildPhase;
			buildActionMask = 2147483647;
			files = (
			);
			runOnlyForDeploymentPostprocessing = 0;
		};
/* End PBXResourcesBuildPhase section */

/* Begin PBXSourcesBuildPhase section */
		4D2D894722EF3BC500841DFC /* Sources */ = {
			isa = PBXSourcesBuildPhase;
			buildActionMask = 2147483647;
			files = (
				4D2D895122EF3BC500841DFC /* ViewController.swift in Sources */,
				4D2D894F22EF3BC500841DFC /* AppDelegate.swift in Sources */,
			);
			runOnlyForDeploymentPostprocessing = 0;
		};
		4D2D895B22EF3BC600841DFC /* Sources */ = {
			isa = PBXSourcesBuildPhase;
			buildActionMask = 2147483647;
			files = (
				4D2D896422EF3BC600841DFC /* MyFirstAppTests.swift in Sources */,
			);
			runOnlyForDeploymentPostprocessing = 0;
		};
		4D2D896622EF3BC600841DFC /* Sources */ = {
			isa = PBXSourcesBuildPhase;
			buildActionMask = 2147483647;
			files = (
				4D2D896F22EF3BC600841DFC /* MyFirstAppUITests.swift in Sources */,
			);
			runOnlyForDeploymentPostprocessing = 0;
		};
/* End PBXSourcesBuildPhase section */

/* Begin PBXTargetDependency section */
		4D2D896122EF3BC600841DFC /* PBXTargetDependency */ = {
			isa = PBXTargetDependency;
			target = 4D2D894A22EF3BC500841DFC /* MyFirstApp */;
			targetProxy = 4D2D896022EF3BC600841DFC /* PBXContainerItemProxy */;
		};
		4D2D896C22EF3BC600841DFC /* PBXTargetDependency */ = {
			isa = PBXTargetDependency;
			target = 4D2D894A22EF3BC500841DFC /* MyFirstApp */;
			targetProxy = 4D2D896B22EF3BC600841DFC /* PBXContainerItemProxy */;
		};
/* End PBXTargetDependency section */

/* Begin PBXVariantGroup section */
		4D2D895222EF3BC500841DFC /* Main.storyboard */ = {
			isa = PBXVariantGroup;
			children = (
				4D2D895322EF3BC500841DFC /* Base */,
			);
			name = Main.storyboard;
			sourceTree = "<group>";
		};
		4D2D895722EF3BC600841DFC /* LaunchScreen.storyboard */ = {
			isa = PBXVariantGroup;
			children = (
				4D2D895822EF3BC600841DFC /* Base */,
			);
			name = LaunchScreen.storyboard;
			sourceTree = "<group>";
		};
/* End PBXVariantGroup section */

/* Begin XCBuildConfiguration section */
		4D2D897122EF3BC600841DFC /* Debug */ = {
			isa = XCBuildConfiguration;
			buildSettings = {
				ALWAYS_SEARCH_USER_PATHS = NO;
				CLANG_ANALYZER_NONNULL = YES;
				CLANG_ANALYZER_NUMBER_OBJECT_CONVERSION = YES_AGGRESSIVE;
				CLANG_CXX_LANGUAGE_STANDARD = "gnu++14";
				CLANG_CXX_LIBRARY = "libc++";
				CLANG_ENABLE_MODULES = YES;
				CLANG_ENABLE_OBJC_ARC = YES;
				CLANG_ENABLE_OBJC_WEAK = YES;
				CLANG_WARN_BLOCK_CAPTURE_AUTORELEASING = YES;
				CLANG_WARN_BOOL_CONVERSION = YES;
				CLANG_WARN_COMMA = YES;
				CLANG_WARN_CONSTANT_CONVERSION = YES;
				CLANG_WARN_DEPRECATED_OBJC_IMPLEMENTATIONS = YES;
				CLANG_WARN_DIRECT_OBJC_ISA_USAGE = YES_ERROR;
				CLANG_WARN_DOCUMENTATION_COMMENTS = YES;
				CLANG_WARN_EMPTY_BODY = YES;
				CLANG_WARN_ENUM_CONVERSION = YES;
				CLANG_WARN_INFINITE_RECURSION = YES;
				CLANG_WARN_INT_CONVERSION = YES;
				CLANG_WARN_NON_LITERAL_NULL_CONVERSION = YES;
				CLANG_WARN_OBJC_IMPLICIT_RETAIN_SELF = YES;
				CLANG_WARN_OBJC_LITERAL_CONVERSION = YES;
				CLANG_WARN_OBJC_ROOT_CLASS = YES_ERROR;
				CLANG_WARN_RANGE_LOOP_ANALYSIS = YES;
				CLANG_WARN_STRICT_PROTOTYPES = YES;
				CLANG_WARN_SUSPICIOUS_MOVE = YES;
				CLANG_WARN_UNGUARDED_AVAILABILITY = YES_AGGRESSIVE;
				CLANG_WARN_UNREACHABLE_CODE = YES;
				CLANG_WARN__DUPLICATE_METHOD_MATCH = YES;
				CODE_SIGN_IDENTITY = "iPhone Developer";
				COPY_PHASE_STRIP = NO;
				DEBUG_INFORMATION_FORMAT = dwarf;
				ENABLE_STRICT_OBJC_MSGSEND = YES;
				ENABLE_TESTABILITY = YES;
				GCC_C_LANGUAGE_STANDARD = gnu11;
				GCC_DYNAMIC_NO_PIC = NO;
				GCC_NO_COMMON_BLOCKS = YES;
				GCC_OPTIMIZATION_LEVEL = 0;
				GCC_PREPROCESSOR_DEFINITIONS = (
					"DEBUG=1",
					"$(inherited)",
				);
				GCC_WARN_64_TO_32_BIT_CONVERSION = YES;
				GCC_WARN_ABOUT_RETURN_TYPE = YES_ERROR;
				GCC_WARN_UNDECLARED_SELECTOR = YES;
				GCC_WARN_UNINITIALIZED_AUTOS = YES_AGGRESSIVE;
				GCC_WARN_UNUSED_FUNCTION = YES;
				GCC_WARN_UNUSED_VARIABLE = YES;
				IPHONEOS_DEPLOYMENT_TARGET = 12.2;
				MTL_ENABLE_DEBUG_INFO = INCLUDE_SOURCE;
				MTL_FAST_MATH = YES;
				ONLY_ACTIVE_ARCH = YES;
				SDKROOT = iphoneos;
				SWIFT_ACTIVE_COMPILATION_CONDITIONS = DEBUG;
				SWIFT_OPTIMIZATION_LEVEL = "-Onone";
			};
			name = Debug;
		};
		4D2D897222EF3BC600841DFC /* Release */ = {
			isa = XCBuildConfiguration;
			buildSettings = {
				ALWAYS_SEARCH_USER_PATHS = NO;
				CLANG_ANALYZER_NONNULL = YES;
				CLANG_ANALYZER_NUMBER_OBJECT_CONVERSION = YES_AGGRESSIVE;
				CLANG_CXX_LANGUAGE_STANDARD = "gnu++14";
				CLANG_CXX_LIBRARY = "libc++";
				CLANG_ENABLE_MODULES = YES;
				CLANG_ENABLE_OBJC_ARC = YES;
				CLANG_ENABLE_OBJC_WEAK = YES;
				CLANG_WARN_BLOCK_CAPTURE_AUTORELEASING = YES;
				CLANG_WARN_BOOL_CONVERSION = YES;
				CLANG_WARN_COMMA = YES;
				CLANG_WARN_CONSTANT_CONVERSION = YES;
				CLANG_WARN_DEPRECATED_OBJC_IMPLEMENTATIONS = YES;
				CLANG_WARN_DIRECT_OBJC_ISA_USAGE = YES_ERROR;
				CLANG_WARN_DOCUMENTATION_COMMENTS = YES;
				CLANG_WARN_EMPTY_BODY = YES;
				CLANG_WARN_ENUM_CONVERSION = YES;
				CLANG_WARN_INFINITE_RECURSION = YES;
				CLANG_WARN_INT_CONVERSION = YES;
				CLANG_WARN_NON_LITERAL_NULL_CONVERSION = YES;
				CLANG_WARN_OBJC_IMPLICIT_RETAIN_SELF = YES;
				CLANG_WARN_OBJC_LITERAL_CONVERSION = YES;
				CLANG_WARN_OBJC_ROOT_CLASS = YES_ERROR;
				CLANG_WARN_RANGE_LOOP_ANALYSIS = YES;
				CLANG_WARN_STRICT_PROTOTYPES = YES;
				CLANG_WARN_SUSPICIOUS_MOVE = YES;
				CLANG_WARN_UNGUARDED_AVAILABILITY = YES_AGGRESSIVE;
				CLANG_WARN_UNREACHABLE_CODE = YES;
				CLANG_WARN__DUPLICATE_METHOD_MATCH = YES;
				CODE_SIGN_IDENTITY = "iPhone Developer";
				COPY_PHASE_STRIP = NO;
				DEBUG_INFORMATION_FORMAT = "dwarf-with-dsym";
				ENABLE_NS_ASSERTIONS = NO;
				ENABLE_STRICT_OBJC_MSGSEND = YES;
				GCC_C_LANGUAGE_STANDARD = gnu11;
				GCC_NO_COMMON_BLOCKS = YES;
				GCC_WARN_64_TO_32_BIT_CONVERSION = YES;
				GCC_WARN_ABOUT_RETURN_TYPE = YES_ERROR;
				GCC_WARN_UNDECLARED_SELECTOR = YES;
				GCC_WARN_UNINITIALIZED_AUTOS = YES_AGGRESSIVE;
				GCC_WARN_UNUSED_FUNCTION = YES;
				GCC_WARN_UNUSED_VARIABLE = YES;
				IPHONEOS_DEPLOYMENT_TARGET = 12.2;
				MTL_ENABLE_DEBUG_INFO = NO;
				MTL_FAST_MATH = YES;
				SDKROOT = iphoneos;
				SWIFT_COMPILATION_MODE = wholemodule;
				SWIFT_OPTIMIZATION_LEVEL = "-O";
				VALIDATE_PRODUCT = YES;
			};
			name = Release;
		};
		4D2D897422EF3BC600841DFC /* Debug */ = {
			isa = XCBuildConfiguration;
			buildSettings = {
				ASSETCATALOG_COMPILER_APPICON_NAME = AppIcon;
				CODE_SIGN_STYLE = Automatic;
				INFOPLIST_FILE = MyFirstApp/Info.plist;
				LD_RUNPATH_SEARCH_PATHS = (
					"$(inherited)",
					"@executable_path/Frameworks",
				);
				PRODUCT_BUNDLE_IDENTIFIER = Proj.MyFirstApp;
				PRODUCT_NAME = "$(TARGET_NAME)";
				SWIFT_VERSION = 5.0;
				TARGETED_DEVICE_FAMILY = "1,2";
			};
			name = Debug;
		};
		4D2D897522EF3BC600841DFC /* Release */ = {
			isa = XCBuildConfiguration;
			buildSettings = {
				ASSETCATALOG_COMPILER_APPICON_NAME = AppIcon;
				CODE_SIGN_STYLE = Automatic;
				INFOPLIST_FILE = MyFirstApp/Info.plist;
				LD_RUNPATH_SEARCH_PATHS = (
					"$(inherited)",
					"@executable_path/Frameworks",
				);
				PRODUCT_BUNDLE_IDENTIFIER = Proj.MyFirstApp;
				PRODUCT_NAME = "$(TARGET_NAME)";
				SWIFT_VERSION = 5.0;
				TARGETED_DEVICE_FAMILY = "1,2";
			};
			name = Release;
		};
		4D2D897722EF3BC600841DFC /* Debug */ = {
			isa = XCBuildConfiguration;
			buildSettings = {
				ALWAYS_EMBED_SWIFT_STANDARD_LIBRARIES = YES;
				BUNDLE_LOADER = "$(TEST_HOST)";
				CODE_SIGN_STYLE = Automatic;
				INFOPLIST_FILE = MyFirstAppTests/Info.plist;
				LD_RUNPATH_SEARCH_PATHS = (
					"$(inherited)",
					"@executable_path/Frameworks",
					"@loader_path/Frameworks",
				);
				PRODUCT_BUNDLE_IDENTIFIER = Proj.MyFirstAppTests;
				PRODUCT_NAME = "$(TARGET_NAME)";
				SWIFT_VERSION = 5.0;
				TARGETED_DEVICE_FAMILY = "1,2";
				TEST_HOST = "$(BUILT_PRODUCTS_DIR)/MyFirstApp.app/MyFirstApp";
			};
			name = Debug;
		};
		4D2D897822EF3BC600841DFC /* Release */ = {
			isa = XCBuildConfiguration;
			buildSettings = {
				ALWAYS_EMBED_SWIFT_STANDARD_LIBRARIES = YES;
				BUNDLE_LOADER = "$(TEST_HOST)";
				CODE_SIGN_STYLE = Automatic;
				INFOPLIST_FILE = MyFirstAppTests/Info.plist;
				LD_RUNPATH_SEARCH_PATHS = (
					"$(inherited)",
					"@executable_path/Frameworks",
					"@loader_path/Frameworks",
				);
				PRODUCT_BUNDLE_IDENTIFIER = Proj.MyFirstAppTests;
				PRODUCT_NAME = "$(TARGET_NAME)";
				SWIFT_VERSION = 5.0;
				TARGETED_DEVICE_FAMILY = "1,2";
				TEST_HOST = "$(BUILT_PRODUCTS_DIR)/MyFirstApp.app/MyFirstApp";
			};
			name = Release;
		};
		4D2D897A22EF3BC600841DFC /* Debug */ = {
			isa = XCBuildConfiguration;
			buildSettings = {
				ALWAYS_EMBED_SWIFT_STANDARD_LIBRARIES = YES;
				CODE_SIGN_STYLE = Automatic;
				INFOPLIST_FILE = MyFirstAppUITests/Info.plist;
				LD_RUNPATH_SEARCH_PATHS = (
					"$(inherited)",
					"@executable_path/Frameworks",
					"@loader_path/Frameworks",
				);
				PRODUCT_BUNDLE_IDENTIFIER = Proj.MyFirstAppUITests;
				PRODUCT_NAME = "$(TARGET_NAME)";
				SWIFT_VERSION = 5.0;
				TARGETED_DEVICE_FAMILY = "1,2";
				TEST_TARGET_NAME = MyFirstApp;
			};
			name = Debug;
		};
		4D2D897B22EF3BC600841DFC /* Release */ = {
			isa = XCBuildConfiguration;
			buildSettings = {
				ALWAYS_EMBED_SWIFT_STANDARD_LIBRARIES = YES;
				CODE_SIGN_STYLE = Automatic;
				INFOPLIST_FILE = MyFirstAppUITests/Info.plist;
				LD_RUNPATH_SEARCH_PATHS = (
					"$(inherited)",
					"@executable_path/Frameworks",
					"@loader_path/Frameworks",
				);
				PRODUCT_BUNDLE_IDENTIFIER = Proj.MyFirstAppUITests;
				PRODUCT_NAME = "$(TARGET_NAME)";
				SWIFT_VERSION = 5.0;
				TARGETED_DEVICE_FAMILY = "1,2";
				TEST_TARGET_NAME = MyFirstApp;
			};
			name = Release;
		};
/* End XCBuildConfiguration section */

/* Begin XCConfigurationList section */
		4D2D894622EF3BC500841DFC /* Build configuration list for PBXProject "MyFirstApp" */ = {
			isa = XCConfigurationList;
			buildConfigurations = (
				4D2D897122EF3BC600841DFC /* Debug */,
				4D2D897222EF3BC600841DFC /* Release */,
			);
			defaultConfigurationIsVisible = 0;
			defaultConfigurationName = Release;
		};
		4D2D897322EF3BC600841DFC /* Build configuration list for PBXNativeTarget "MyFirstApp" */ = {
			isa = XCConfigurationList;
			buildConfigurations = (
				4D2D897422EF3BC600841DFC /* Debug */,
				4D2D897522EF3BC600841DFC /* Release */,
			);
			defaultConfigurationIsVisible = 0;
			defaultConfigurationName = Release;
		};
		4D2D897622EF3BC600841DFC /* Build configuration list for PBXNativeTarget "MyFirstAppTests" */ = {
			isa = XCConfigurationList;
			buildConfigurations = (
				4D2D897722EF3BC600841DFC /* Debug */,
				4D2D897822EF3BC600841DFC /* Release */,
			);
			defaultConfigurationIsVisible = 0;
			defaultConfigurationName = Release;
		};
		4D2D897922EF3BC600841DFC /* Build configuration list for PBXNativeTarget "MyFirstAppUITests" */ = {
			isa = XCConfigurationList;
			buildConfigurations = (
				4D2D897A22EF3BC600841DFC /* Debug */,
				4D2D897B22EF3BC600841DFC /* Release */,
			);
			defaultConfigurationIsVisible = 0;
			defaultConfigurationName = Release;
		};
/* End XCConfigurationList section */
	};
	rootObject = 4D2D894322EF3BC500841DFC /* Project object */;
}
