// !$*UTF8*$!
{
	archiveVersion = 1;
	classes = {
	};
	objectVersion = 50;
	objects = {

/* Begin PBXBuildFile section */
		D8545DCA23CE4F5700361D75 /* AppDelegate.swift in Sources */ = {isa = PBXBuildFile; fileRef = D8545DC923CE4F5700361D75 /* AppDelegate.swift */; };
		D8545DCC23CE4F5700361D75 /* SceneDelegate.swift in Sources */ = {isa = PBXBuildFile; fileRef = D8545DCB23CE4F5700361D75 /* SceneDelegate.swift */; };
		D8545DCE23CE4F5700361D75 /* ViewController.swift in Sources */ = {isa = PBXBuildFile; fileRef = D8545DCD23CE4F5700361D75 /* ViewController.swift */; };
		D8545DD123CE4F5700361D75 /* Main.storyboard in Resources */ = {isa = PBXBuildFile; fileRef = D8545DCF23CE4F5700361D75 /* Main.storyboard */; };
		D8545DD323CE4F5900361D75 /* Assets.xcassets in Resources */ = {isa = PBXBuildFile; fileRef = D8545DD223CE4F5900361D75 /* Assets.xcassets */; };
		D8545DD623CE4F5900361D75 /* LaunchScreen.storyboard in Resources */ = {isa = PBXBuildFile; fileRef = D8545DD423CE4F5900361D75 /* LaunchScreen.storyboard */; };
		D8545DDE23CE50EA00361D75 /* SamplePageViewController.swift in Sources */ = {isa = PBXBuildFile; fileRef = D8545DDD23CE50EA00361D75 /* SamplePageViewController.swift */; };
		D8545DE023CE523300361D75 /* OneViewController.swift in Sources */ = {isa = PBXBuildFile; fileRef = D8545DDF23CE523300361D75 /* OneViewController.swift */; };
		D8545DE223CE523F00361D75 /* TwoViewController.swift in Sources */ = {isa = PBXBuildFile; fileRef = D8545DE123CE523F00361D75 /* TwoViewController.swift */; };
		D8545DE423CE524A00361D75 /* ThreeViewController.swift in Sources */ = {isa = PBXBuildFile; fileRef = D8545DE323CE524A00361D75 /* ThreeViewController.swift */; };
/* End PBXBuildFile section */

/* Begin PBXFileReference section */
		D8545DC623CE4F5700361D75 /* Carousel.app */ = {isa = PBXFileReference; explicitFileType = wrapper.application; includeInIndex = 0; path = Carousel.app; sourceTree = BUILT_PRODUCTS_DIR; };
		D8545DC923CE4F5700361D75 /* AppDelegate.swift */ = {isa = PBXFileReference; lastKnownFileType = sourcecode.swift; path = AppDelegate.swift; sourceTree = "<group>"; };
		D8545DCB23CE4F5700361D75 /* SceneDelegate.swift */ = {isa = PBXFileReference; lastKnownFileType = sourcecode.swift; path = SceneDelegate.swift; sourceTree = "<group>"; };
		D8545DCD23CE4F5700361D75 /* ViewController.swift */ = {isa = PBXFileReference; lastKnownFileType = sourcecode.swift; path = ViewController.swift; sourceTree = "<group>"; };
		D8545DD023CE4F5700361D75 /* Base */ = {isa = PBXFileReference; lastKnownFileType = file.storyboard; name = Base; path = Base.lproj/Main.storyboard; sourceTree = "<group>"; };
		D8545DD223CE4F5900361D75 /* Assets.xcassets */ = {isa = PBXFileReference; lastKnownFileType = folder.assetcatalog; path = Assets.xcassets; sourceTree = "<group>"; };
		D8545DD523CE4F5900361D75 /* Base */ = {isa = PBXFileReference; lastKnownFileType = file.storyboard; name = Base; path = Base.lproj/LaunchScreen.storyboard; sourceTree = "<group>"; };
		D8545DD723CE4F5900361D75 /* Info.plist */ = {isa = PBXFileReference; lastKnownFileType = text.plist.xml; path = Info.plist; sourceTree = "<group>"; };
		D8545DDD23CE50EA00361D75 /* SamplePageViewController.swift */ = {isa = PBXFileReference; lastKnownFileType = sourcecode.swift; path = SamplePageViewController.swift; sourceTree = "<group>"; };
		D8545DDF23CE523300361D75 /* OneViewController.swift */ = {isa = PBXFileReference; lastKnownFileType = sourcecode.swift; path = OneViewController.swift; sourceTree = "<group>"; };
		D8545DE123CE523F00361D75 /* TwoViewController.swift */ = {isa = PBXFileReference; lastKnownFileType = sourcecode.swift; path = TwoViewController.swift; sourceTree = "<group>"; };
		D8545DE323CE524A00361D75 /* ThreeViewController.swift */ = {isa = PBXFileReference; lastKnownFileType = sourcecode.swift; path = ThreeViewController.swift; sourceTree = "<group>"; };
/* End PBXFileReference section */

/* Begin PBXFrameworksBuildPhase section */
		D8545DC323CE4F5700361D75 /* Frameworks */ = {
			isa = PBXFrameworksBuildPhase;
			buildActionMask = 2147483647;
			files = (
			);
			runOnlyForDeploymentPostprocessing = 0;
		};
/* End PBXFrameworksBuildPhase section */

/* Begin PBXGroup section */
		D8545DBD23CE4F5700361D75 = {
			isa = PBXGroup;
			children = (
				D8545DC823CE4F5700361D75 /* Carousel */,
				D8545DC723CE4F5700361D75 /* Products */,
			);
			sourceTree = "<group>";
		};
		D8545DC723CE4F5700361D75 /* Products */ = {
			isa = PBXGroup;
			children = (
				D8545DC623CE4F5700361D75 /* Carousel.app */,
			);
			name = Products;
			sourceTree = "<group>";
		};
		D8545DC823CE4F5700361D75 /* Carousel */ = {
			isa = PBXGroup;
			children = (
				D8545DC923CE4F5700361D75 /* AppDelegate.swift */,
				D8545DCB23CE4F5700361D75 /* SceneDelegate.swift */,
				D8545DCD23CE4F5700361D75 /* ViewController.swift */,
				D8545DDD23CE50EA00361D75 /* SamplePageViewController.swift */,
				D8545DDF23CE523300361D75 /* OneViewController.swift */,
				D8545DE123CE523F00361D75 /* TwoViewController.swift */,
				D8545DE323CE524A00361D75 /* ThreeViewController.swift */,
				D8545DCF23CE4F5700361D75 /* Main.storyboard */,
				D8545DD223CE4F5900361D75 /* Assets.xcassets */,
				D8545DD423CE4F5900361D75 /* LaunchScreen.storyboard */,
				D8545DD723CE4F5900361D75 /* Info.plist */,
			);
			path = Carousel;
			sourceTree = "<group>";
		};
/* End PBXGroup section */

/* Begin PBXNativeTarget section */
		D8545DC523CE4F5700361D75 /* Carousel */ = {
			isa = PBXNativeTarget;
			buildConfigurationList = D8545DDA23CE4F5900361D75 /* Build configuration list for PBXNativeTarget "Carousel" */;
			buildPhases = (
				D8545DC223CE4F5700361D75 /* Sources */,
				D8545DC323CE4F5700361D75 /* Frameworks */,
				D8545DC423CE4F5700361D75 /* Resources */,
			);
			buildRules = (
			);
			dependencies = (
			);
			name = Carousel;
			productName = Carousel;
			productReference = D8545DC623CE4F5700361D75 /* Carousel.app */;
			productType = "com.apple.product-type.application";
		};
/* End PBXNativeTarget section */

/* Begin PBXProject section */
		D8545DBE23CE4F5700361D75 /* Project object */ = {
			isa = PBXProject;
			attributes = {
				LastSwiftUpdateCheck = 1120;
				LastUpgradeCheck = 1120;
				ORGANIZATIONNAME = "Jocelyn Boyd";
				TargetAttributes = {
					D8545DC523CE4F5700361D75 = {
						CreatedOnToolsVersion = 11.2.1;
					};
				};
			};
			buildConfigurationList = D8545DC123CE4F5700361D75 /* Build configuration list for PBXProject "Carousel" */;
			compatibilityVersion = "Xcode 9.3";
			developmentRegion = en;
			hasScannedForEncodings = 0;
			knownRegions = (
				en,
				Base,
			);
			mainGroup = D8545DBD23CE4F5700361D75;
			productRefGroup = D8545DC723CE4F5700361D75 /* Products */;
			projectDirPath = "";
			projectRoot = "";
			targets = (
				D8545DC523CE4F5700361D75 /* Carousel */,
			);
		};
/* End PBXProject section */

/* Begin PBXResourcesBuildPhase section */
		D8545DC423CE4F5700361D75 /* Resources */ = {
			isa = PBXResourcesBuildPhase;
			buildActionMask = 2147483647;
			files = (
				D8545DD623CE4F5900361D75 /* LaunchScreen.storyboard in Resources */,
				D8545DD323CE4F5900361D75 /* Assets.xcassets in Resources */,
				D8545DD123CE4F5700361D75 /* Main.storyboard in Resources */,
			);
			runOnlyForDeploymentPostprocessing = 0;
		};
/* End PBXResourcesBuildPhase section */

/* Begin PBXSourcesBuildPhase section */
		D8545DC223CE4F5700361D75 /* Sources */ = {
			isa = PBXSourcesBuildPhase;
			buildActionMask = 2147483647;
			files = (
				D8545DE423CE524A00361D75 /* ThreeViewController.swift in Sources */,
				D8545DCE23CE4F5700361D75 /* ViewController.swift in Sources */,
				D8545DE023CE523300361D75 /* OneViewController.swift in Sources */,
				D8545DCA23CE4F5700361D75 /* AppDelegate.swift in Sources */,
				D8545DCC23CE4F5700361D75 /* SceneDelegate.swift in Sources */,
				D8545DDE23CE50EA00361D75 /* SamplePageViewController.swift in Sources */,
				D8545DE223CE523F00361D75 /* TwoViewController.swift in Sources */,
			);
			runOnlyForDeploymentPostprocessing = 0;
		};
/* End PBXSourcesBuildPhase section */

/* Begin PBXVariantGroup section */
		D8545DCF23CE4F5700361D75 /* Main.storyboard */ = {
			isa = PBXVariantGroup;
			children = (
				D8545DD023CE4F5700361D75 /* Base */,
			);
			name = Main.storyboard;
			sourceTree = "<group>";
		};
		D8545DD423CE4F5900361D75 /* LaunchScreen.storyboard */ = {
			isa = PBXVariantGroup;
			children = (
				D8545DD523CE4F5900361D75 /* Base */,
			);
			name = LaunchScreen.storyboard;
			sourceTree = "<group>";
		};
/* End PBXVariantGroup section */

/* Begin XCBuildConfiguration section */
		D8545DD823CE4F5900361D75 /* Debug */ = {
			isa = XCBuildConfiguration;
			buildSettings = {
				ALWAYS_SEARCH_USER_PATHS = NO;
				CLANG_ANALYZER_NONNULL = YES;
				CLANG_ANALYZER_NUMBER_OBJECT_CONVERSION = YES_AGGRESSIVE;
				CLANG_CXX_LANGUAGE_STANDARD = "gnu++14";
				CLANG_CXX_LIBRARY = "libc++";
				CLANG_ENABLE_MODULES = YES;
				CLANG_ENABLE_OBJC_ARC = YES;
				CLANG_ENABLE_OBJC_WEAK = YES;
				CLANG_WARN_BLOCK_CAPTURE_AUTORELEASING = YES;
				CLANG_WARN_BOOL_CONVERSION = YES;
				CLANG_WARN_COMMA = YES;
				CLANG_WARN_CONSTANT_CONVERSION = YES;
				CLANG_WARN_DEPRECATED_OBJC_IMPLEMENTATIONS = YES;
				CLANG_WARN_DIRECT_OBJC_ISA_USAGE = YES_ERROR;
				CLANG_WARN_DOCUMENTATION_COMMENTS = YES;
				CLANG_WARN_EMPTY_BODY = YES;
				CLANG_WARN_ENUM_CONVERSION = YES;
				CLANG_WARN_INFINITE_RECURSION = YES;
				CLANG_WARN_INT_CONVERSION = YES;
				CLANG_WARN_NON_LITERAL_NULL_CONVERSION = YES;
				CLANG_WARN_OBJC_IMPLICIT_RETAIN_SELF = YES;
				CLANG_WARN_OBJC_LITERAL_CONVERSION = YES;
				CLANG_WARN_OBJC_ROOT_CLASS = YES_ERROR;
				CLANG_WARN_RANGE_LOOP_ANALYSIS = YES;
				CLANG_WARN_STRICT_PROTOTYPES = YES;
				CLANG_WARN_SUSPICIOUS_MOVE = YES;
				CLANG_WARN_UNGUARDED_AVAILABILITY = YES_AGGRESSIVE;
				CLANG_WARN_UNREACHABLE_CODE = YES;
				CLANG_WARN__DUPLICATE_METHOD_MATCH = YES;
				COPY_PHASE_STRIP = NO;
				DEBUG_INFORMATION_FORMAT = dwarf;
				ENABLE_STRICT_OBJC_MSGSEND = YES;
				ENABLE_TESTABILITY = YES;
				GCC_C_LANGUAGE_STANDARD = gnu11;
				GCC_DYNAMIC_NO_PIC = NO;
				GCC_NO_COMMON_BLOCKS = YES;
				GCC_OPTIMIZATION_LEVEL = 0;
				GCC_PREPROCESSOR_DEFINITIONS = (
					"DEBUG=1",
					"$(inherited)",
				);
				GCC_WARN_64_TO_32_BIT_CONVERSION = YES;
				GCC_WARN_ABOUT_RETURN_TYPE = YES_ERROR;
				GCC_WARN_UNDECLARED_SELECTOR = YES;
				GCC_WARN_UNINITIALIZED_AUTOS = YES_AGGRESSIVE;
				GCC_WARN_UNUSED_FUNCTION = YES;
				GCC_WARN_UNUSED_VARIABLE = YES;
				IPHONEOS_DEPLOYMENT_TARGET = 13.2;
				MTL_ENABLE_DEBUG_INFO = INCLUDE_SOURCE;
				MTL_FAST_MATH = YES;
				ONLY_ACTIVE_ARCH = YES;
				SDKROOT = iphoneos;
				SWIFT_ACTIVE_COMPILATION_CONDITIONS = DEBUG;
				SWIFT_OPTIMIZATION_LEVEL = "-Onone";
			};
			name = Debug;
		};
		D8545DD923CE4F5900361D75 /* Release */ = {
			isa = XCBuildConfiguration;
			buildSettings = {
				ALWAYS_SEARCH_USER_PATHS = NO;
				CLANG_ANALYZER_NONNULL = YES;
				CLANG_ANALYZER_NUMBER_OBJECT_CONVERSION = YES_AGGRESSIVE;
				CLANG_CXX_LANGUAGE_STANDARD = "gnu++14";
				CLANG_CXX_LIBRARY = "libc++";
				CLANG_ENABLE_MODULES = YES;
				CLANG_ENABLE_OBJC_ARC = YES;
				CLANG_ENABLE_OBJC_WEAK = YES;
				CLANG_WARN_BLOCK_CAPTURE_AUTORELEASING = YES;
				CLANG_WARN_BOOL_CONVERSION = YES;
				CLANG_WARN_COMMA = YES;
				CLANG_WARN_CONSTANT_CONVERSION = YES;
				CLANG_WARN_DEPRECATED_OBJC_IMPLEMENTATIONS = YES;
				CLANG_WARN_DIRECT_OBJC_ISA_USAGE = YES_ERROR;
				CLANG_WARN_DOCUMENTATION_COMMENTS = YES;
				CLANG_WARN_EMPTY_BODY = YES;
				CLANG_WARN_ENUM_CONVERSION = YES;
				CLANG_WARN_INFINITE_RECURSION = YES;
				CLANG_WARN_INT_CONVERSION = YES;
				CLANG_WARN_NON_LITERAL_NULL_CONVERSION = YES;
				CLANG_WARN_OBJC_IMPLICIT_RETAIN_SELF = YES;
				CLANG_WARN_OBJC_LITERAL_CONVERSION = YES;
				CLANG_WARN_OBJC_ROOT_CLASS = YES_ERROR;
				CLANG_WARN_RANGE_LOOP_ANALYSIS = YES;
				CLANG_WARN_STRICT_PROTOTYPES = YES;
				CLANG_WARN_SUSPICIOUS_MOVE = YES;
				CLANG_WARN_UNGUARDED_AVAILABILITY = YES_AGGRESSIVE;
				CLANG_WARN_UNREACHABLE_CODE = YES;
				CLANG_WARN__DUPLICATE_METHOD_MATCH = YES;
				COPY_PHASE_STRIP = NO;
				DEBUG_INFORMATION_FORMAT = "dwarf-with-dsym";
				ENABLE_NS_ASSERTIONS = NO;
				ENABLE_STRICT_OBJC_MSGSEND = YES;
				GCC_C_LANGUAGE_STANDARD = gnu11;
				GCC_NO_COMMON_BLOCKS = YES;
				GCC_WARN_64_TO_32_BIT_CONVERSION = YES;
				GCC_WARN_ABOUT_RETURN_TYPE = YES_ERROR;
				GCC_WARN_UNDECLARED_SELECTOR = YES;
				GCC_WARN_UNINITIALIZED_AUTOS = YES_AGGRESSIVE;
				GCC_WARN_UNUSED_FUNCTION = YES;
				GCC_WARN_UNUSED_VARIABLE = YES;
				IPHONEOS_DEPLOYMENT_TARGET = 13.2;
				MTL_ENABLE_DEBUG_INFO = NO;
				MTL_FAST_MATH = YES;
				SDKROOT = iphoneos;
				SWIFT_COMPILATION_MODE = wholemodule;
				SWIFT_OPTIMIZATION_LEVEL = "-O";
				VALIDATE_PRODUCT = YES;
			};
			name = Release;
		};
		D8545DDB23CE4F5900361D75 /* Debug */ = {
			isa = XCBuildConfiguration;
			buildSettings = {
				ASSETCATALOG_COMPILER_APPICON_NAME = AppIcon;
				CODE_SIGN_STYLE = Automatic;
				DEVELOPMENT_TEAM = 453FAV4WWW;
				INFOPLIST_FILE = Carousel/Info.plist;
				LD_RUNPATH_SEARCH_PATHS = (
					"$(inherited)",
					"@executable_path/Frameworks",
				);
				PRODUCT_BUNDLE_IDENTIFIER = kabocha.Carousel;
				PRODUCT_NAME = "$(TARGET_NAME)";
				SWIFT_VERSION = 5.0;
				TARGETED_DEVICE_FAMILY = "1,2";
			};
			name = Debug;
		};
		D8545DDC23CE4F5900361D75 /* Release */ = {
			isa = XCBuildConfiguration;
			buildSettings = {
				ASSETCATALOG_COMPILER_APPICON_NAME = AppIcon;
				CODE_SIGN_STYLE = Automatic;
				DEVELOPMENT_TEAM = 453FAV4WWW;
				INFOPLIST_FILE = Carousel/Info.plist;
				LD_RUNPATH_SEARCH_PATHS = (
					"$(inherited)",
					"@executable_path/Frameworks",
				);
				PRODUCT_BUNDLE_IDENTIFIER = kabocha.Carousel;
				PRODUCT_NAME = "$(TARGET_NAME)";
				SWIFT_VERSION = 5.0;
				TARGETED_DEVICE_FAMILY = "1,2";
			};
			name = Release;
		};
/* End XCBuildConfiguration section */

/* Begin XCConfigurationList section */
		D8545DC123CE4F5700361D75 /* Build configuration list for PBXProject "Carousel" */ = {
			isa = XCConfigurationList;
			buildConfigurations = (
				D8545DD823CE4F5900361D75 /* Debug */,
				D8545DD923CE4F5900361D75 /* Release */,
			);
			defaultConfigurationIsVisible = 0;
			defaultConfigurationName = Release;
		};
		D8545DDA23CE4F5900361D75 /* Build configuration list for PBXNativeTarget "Carousel" */ = {
			isa = XCConfigurationList;
			buildConfigurations = (
				D8545DDB23CE4F5900361D75 /* Debug */,
				D8545DDC23CE4F5900361D75 /* Release */,
			);
			defaultConfigurationIsVisible = 0;
			defaultConfigurationName = Release;
		};
/* End XCConfigurationList section */
	};
	rootObject = D8545DBE23CE4F5700361D75 /* Project object */;
}
