// !$*UTF8*$!
{
	archiveVersion = 1;
	classes = {
	};
	objectVersion = 50;
	objects = {

/* Begin PBXBuildFile section */
		4D51704A23229FFF002297A1 /* AppDelegate.swift in Sources */ = {isa = PBXBuildFile; fileRef = 4D51704923229FFF002297A1 /* AppDelegate.swift */; };
		4D51704C23229FFF002297A1 /* ViewController.swift in Sources */ = {isa = PBXBuildFile; fileRef = 4D51704B23229FFF002297A1 /* ViewController.swift */; };
		4D51704F23229FFF002297A1 /* Main.storyboard in Resources */ = {isa = PBXBuildFile; fileRef = 4D51704D23229FFF002297A1 /* Main.storyboard */; };
		4D5170512322A002002297A1 /* Assets.xcassets in Resources */ = {isa = PBXBuildFile; fileRef = 4D5170502322A002002297A1 /* Assets.xcassets */; };
		4D5170542322A002002297A1 /* LaunchScreen.storyboard in Resources */ = {isa = PBXBuildFile; fileRef = 4D5170522322A002002297A1 /* LaunchScreen.storyboard */; };
		4D51705F2322A002002297A1 /* ConcertsTests.swift in Sources */ = {isa = PBXBuildFile; fileRef = 4D51705E2322A002002297A1 /* ConcertsTests.swift */; };
		4D51706A2322A021002297A1 /* Concert.swift in Sources */ = {isa = PBXBuildFile; fileRef = 4D5170692322A021002297A1 /* Concert.swift */; };
		4D51706C2322A0FE002297A1 /* NetworkManager.swift in Sources */ = {isa = PBXBuildFile; fileRef = 4D51706B2322A0FE002297A1 /* NetworkManager.swift */; };
		4D51706E2322A137002297A1 /* AppError.swift in Sources */ = {isa = PBXBuildFile; fileRef = 4D51706D2322A137002297A1 /* AppError.swift */; };
		4D5170702322A1AB002297A1 /* ConcertAPIHelper.swift in Sources */ = {isa = PBXBuildFile; fileRef = 4D51706F2322A1AB002297A1 /* ConcertAPIHelper.swift */; };
/* End PBXBuildFile section */

/* Begin PBXContainerItemProxy section */
		4D51705B2322A002002297A1 /* PBXContainerItemProxy */ = {
			isa = PBXContainerItemProxy;
			containerPortal = 4D51703E23229FFF002297A1 /* Project object */;
			proxyType = 1;
			remoteGlobalIDString = 4D51704523229FFF002297A1;
			remoteInfo = Concerts;
		};
/* End PBXContainerItemProxy section */

/* Begin PBXFileReference section */
		4D51704623229FFF002297A1 /* Concerts.app */ = {isa = PBXFileReference; explicitFileType = wrapper.application; includeInIndex = 0; path = Concerts.app; sourceTree = BUILT_PRODUCTS_DIR; };
		4D51704923229FFF002297A1 /* AppDelegate.swift */ = {isa = PBXFileReference; lastKnownFileType = sourcecode.swift; path = AppDelegate.swift; sourceTree = "<group>"; };
		4D51704B23229FFF002297A1 /* ViewController.swift */ = {isa = PBXFileReference; lastKnownFileType = sourcecode.swift; path = ViewController.swift; sourceTree = "<group>"; };
		4D51704E23229FFF002297A1 /* Base */ = {isa = PBXFileReference; lastKnownFileType = file.storyboard; name = Base; path = Base.lproj/Main.storyboard; sourceTree = "<group>"; };
		4D5170502322A002002297A1 /* Assets.xcassets */ = {isa = PBXFileReference; lastKnownFileType = folder.assetcatalog; path = Assets.xcassets; sourceTree = "<group>"; };
		4D5170532322A002002297A1 /* Base */ = {isa = PBXFileReference; lastKnownFileType = file.storyboard; name = Base; path = Base.lproj/LaunchScreen.storyboard; sourceTree = "<group>"; };
		4D5170552322A002002297A1 /* Info.plist */ = {isa = PBXFileReference; lastKnownFileType = text.plist.xml; path = Info.plist; sourceTree = "<group>"; };
		4D51705A2322A002002297A1 /* ConcertsTests.xctest */ = {isa = PBXFileReference; explicitFileType = wrapper.cfbundle; includeInIndex = 0; path = ConcertsTests.xctest; sourceTree = BUILT_PRODUCTS_DIR; };
		4D51705E2322A002002297A1 /* ConcertsTests.swift */ = {isa = PBXFileReference; lastKnownFileType = sourcecode.swift; path = ConcertsTests.swift; sourceTree = "<group>"; };
		4D5170602322A002002297A1 /* Info.plist */ = {isa = PBXFileReference; lastKnownFileType = text.plist.xml; path = Info.plist; sourceTree = "<group>"; };
		4D5170692322A021002297A1 /* Concert.swift */ = {isa = PBXFileReference; lastKnownFileType = sourcecode.swift; path = Concert.swift; sourceTree = "<group>"; };
		4D51706B2322A0FE002297A1 /* NetworkManager.swift */ = {isa = PBXFileReference; lastKnownFileType = sourcecode.swift; path = NetworkManager.swift; sourceTree = "<group>"; };
		4D51706D2322A137002297A1 /* AppError.swift */ = {isa = PBXFileReference; lastKnownFileType = sourcecode.swift; path = AppError.swift; sourceTree = "<group>"; };
		4D51706F2322A1AB002297A1 /* ConcertAPIHelper.swift */ = {isa = PBXFileReference; lastKnownFileType = sourcecode.swift; path = ConcertAPIHelper.swift; sourceTree = "<group>"; };
/* End PBXFileReference section */

/* Begin PBXFrameworksBuildPhase section */
		4D51704323229FFF002297A1 /* Frameworks */ = {
			isa = PBXFrameworksBuildPhase;
			buildActionMask = 2147483647;
			files = (
			);
			runOnlyForDeploymentPostprocessing = 0;
		};
		4D5170572322A002002297A1 /* Frameworks */ = {
			isa = PBXFrameworksBuildPhase;
			buildActionMask = 2147483647;
			files = (
			);
			runOnlyForDeploymentPostprocessing = 0;
		};
/* End PBXFrameworksBuildPhase section */

/* Begin PBXGroup section */
		4D51703D23229FFF002297A1 = {
			isa = PBXGroup;
			children = (
				4D51704823229FFF002297A1 /* Concerts */,
				4D51705D2322A002002297A1 /* ConcertsTests */,
				4D51704723229FFF002297A1 /* Products */,
			);
			sourceTree = "<group>";
		};
		4D51704723229FFF002297A1 /* Products */ = {
			isa = PBXGroup;
			children = (
				4D51704623229FFF002297A1 /* Concerts.app */,
				4D51705A2322A002002297A1 /* ConcertsTests.xctest */,
			);
			name = Products;
			sourceTree = "<group>";
		};
		4D51704823229FFF002297A1 /* Concerts */ = {
			isa = PBXGroup;
			children = (
				4D51704923229FFF002297A1 /* AppDelegate.swift */,
				4D51704B23229FFF002297A1 /* ViewController.swift */,
				4D5170692322A021002297A1 /* Concert.swift */,
				4D51706F2322A1AB002297A1 /* ConcertAPIHelper.swift */,
				4D51706B2322A0FE002297A1 /* NetworkManager.swift */,
				4D51706D2322A137002297A1 /* AppError.swift */,
				4D51704D23229FFF002297A1 /* Main.storyboard */,
				4D5170502322A002002297A1 /* Assets.xcassets */,
				4D5170522322A002002297A1 /* LaunchScreen.storyboard */,
				4D5170552322A002002297A1 /* Info.plist */,
			);
			path = Concerts;
			sourceTree = "<group>";
		};
		4D51705D2322A002002297A1 /* ConcertsTests */ = {
			isa = PBXGroup;
			children = (
				4D51705E2322A002002297A1 /* ConcertsTests.swift */,
				4D5170602322A002002297A1 /* Info.plist */,
			);
			path = ConcertsTests;
			sourceTree = "<group>";
		};
/* End PBXGroup section */

/* Begin PBXNativeTarget section */
		4D51704523229FFF002297A1 /* Concerts */ = {
			isa = PBXNativeTarget;
			buildConfigurationList = 4D5170632322A002002297A1 /* Build configuration list for PBXNativeTarget "Concerts" */;
			buildPhases = (
				4D51704223229FFF002297A1 /* Sources */,
				4D51704323229FFF002297A1 /* Frameworks */,
				4D51704423229FFF002297A1 /* Resources */,
			);
			buildRules = (
			);
			dependencies = (
			);
			name = Concerts;
			productName = Concerts;
			productReference = 4D51704623229FFF002297A1 /* Concerts.app */;
			productType = "com.apple.product-type.application";
		};
		4D5170592322A002002297A1 /* ConcertsTests */ = {
			isa = PBXNativeTarget;
			buildConfigurationList = 4D5170662322A002002297A1 /* Build configuration list for PBXNativeTarget "ConcertsTests" */;
			buildPhases = (
				4D5170562322A002002297A1 /* Sources */,
				4D5170572322A002002297A1 /* Frameworks */,
				4D5170582322A002002297A1 /* Resources */,
			);
			buildRules = (
			);
			dependencies = (
				4D51705C2322A002002297A1 /* PBXTargetDependency */,
			);
			name = ConcertsTests;
			productName = ConcertsTests;
			productReference = 4D51705A2322A002002297A1 /* ConcertsTests.xctest */;
			productType = "com.apple.product-type.bundle.unit-test";
		};
/* End PBXNativeTarget section */

/* Begin PBXProject section */
		4D51703E23229FFF002297A1 /* Project object */ = {
			isa = PBXProject;
			attributes = {
				LastSwiftUpdateCheck = 1030;
				LastUpgradeCheck = 1030;
				ORGANIZATIONNAME = "Angela Garrovillas";
				TargetAttributes = {
					4D51704523229FFF002297A1 = {
						CreatedOnToolsVersion = 10.3;
					};
					4D5170592322A002002297A1 = {
						CreatedOnToolsVersion = 10.3;
						TestTargetID = 4D51704523229FFF002297A1;
					};
				};
			};
			buildConfigurationList = 4D51704123229FFF002297A1 /* Build configuration list for PBXProject "Concerts" */;
			compatibilityVersion = "Xcode 9.3";
			developmentRegion = en;
			hasScannedForEncodings = 0;
			knownRegions = (
				en,
				Base,
			);
			mainGroup = 4D51703D23229FFF002297A1;
			productRefGroup = 4D51704723229FFF002297A1 /* Products */;
			projectDirPath = "";
			projectRoot = "";
			targets = (
				4D51704523229FFF002297A1 /* Concerts */,
				4D5170592322A002002297A1 /* ConcertsTests */,
			);
		};
/* End PBXProject section */

/* Begin PBXResourcesBuildPhase section */
		4D51704423229FFF002297A1 /* Resources */ = {
			isa = PBXResourcesBuildPhase;
			buildActionMask = 2147483647;
			files = (
				4D5170542322A002002297A1 /* LaunchScreen.storyboard in Resources */,
				4D5170512322A002002297A1 /* Assets.xcassets in Resources */,
				4D51704F23229FFF002297A1 /* Main.storyboard in Resources */,
			);
			runOnlyForDeploymentPostprocessing = 0;
		};
		4D5170582322A002002297A1 /* Resources */ = {
			isa = PBXResourcesBuildPhase;
			buildActionMask = 2147483647;
			files = (
			);
			runOnlyForDeploymentPostprocessing = 0;
		};
/* End PBXResourcesBuildPhase section */

/* Begin PBXSourcesBuildPhase section */
		4D51704223229FFF002297A1 /* Sources */ = {
			isa = PBXSourcesBuildPhase;
			buildActionMask = 2147483647;
			files = (
				4D51706C2322A0FE002297A1 /* NetworkManager.swift in Sources */,
				4D51704C23229FFF002297A1 /* ViewController.swift in Sources */,
				4D51706E2322A137002297A1 /* AppError.swift in Sources */,
				4D5170702322A1AB002297A1 /* ConcertAPIHelper.swift in Sources */,
				4D51706A2322A021002297A1 /* Concert.swift in Sources */,
				4D51704A23229FFF002297A1 /* AppDelegate.swift in Sources */,
			);
			runOnlyForDeploymentPostprocessing = 0;
		};
		4D5170562322A002002297A1 /* Sources */ = {
			isa = PBXSourcesBuildPhase;
			buildActionMask = 2147483647;
			files = (
				4D51705F2322A002002297A1 /* ConcertsTests.swift in Sources */,
			);
			runOnlyForDeploymentPostprocessing = 0;
		};
/* End PBXSourcesBuildPhase section */

/* Begin PBXTargetDependency section */
		4D51705C2322A002002297A1 /* PBXTargetDependency */ = {
			isa = PBXTargetDependency;
			target = 4D51704523229FFF002297A1 /* Concerts */;
			targetProxy = 4D51705B2322A002002297A1 /* PBXContainerItemProxy */;
		};
/* End PBXTargetDependency section */

/* Begin PBXVariantGroup section */
		4D51704D23229FFF002297A1 /* Main.storyboard */ = {
			isa = PBXVariantGroup;
			children = (
				4D51704E23229FFF002297A1 /* Base */,
			);
			name = Main.storyboard;
			sourceTree = "<group>";
		};
		4D5170522322A002002297A1 /* LaunchScreen.storyboard */ = {
			isa = PBXVariantGroup;
			children = (
				4D5170532322A002002297A1 /* Base */,
			);
			name = LaunchScreen.storyboard;
			sourceTree = "<group>";
		};
/* End PBXVariantGroup section */

/* Begin XCBuildConfiguration section */
		4D5170612322A002002297A1 /* Debug */ = {
			isa = XCBuildConfiguration;
			buildSettings = {
				ALWAYS_SEARCH_USER_PATHS = NO;
				CLANG_ANALYZER_NONNULL = YES;
				CLANG_ANALYZER_NUMBER_OBJECT_CONVERSION = YES_AGGRESSIVE;
				CLANG_CXX_LANGUAGE_STANDARD = "gnu++14";
				CLANG_CXX_LIBRARY = "libc++";
				CLANG_ENABLE_MODULES = YES;
				CLANG_ENABLE_OBJC_ARC = YES;
				CLANG_ENABLE_OBJC_WEAK = YES;
				CLANG_WARN_BLOCK_CAPTURE_AUTORELEASING = YES;
				CLANG_WARN_BOOL_CONVERSION = YES;
				CLANG_WARN_COMMA = YES;
				CLANG_WARN_CONSTANT_CONVERSION = YES;
				CLANG_WARN_DEPRECATED_OBJC_IMPLEMENTATIONS = YES;
				CLANG_WARN_DIRECT_OBJC_ISA_USAGE = YES_ERROR;
				CLANG_WARN_DOCUMENTATION_COMMENTS = YES;
				CLANG_WARN_EMPTY_BODY = YES;
				CLANG_WARN_ENUM_CONVERSION = YES;
				CLANG_WARN_INFINITE_RECURSION = YES;
				CLANG_WARN_INT_CONVERSION = YES;
				CLANG_WARN_NON_LITERAL_NULL_CONVERSION = YES;
				CLANG_WARN_OBJC_IMPLICIT_RETAIN_SELF = YES;
				CLANG_WARN_OBJC_LITERAL_CONVERSION = YES;
				CLANG_WARN_OBJC_ROOT_CLASS = YES_ERROR;
				CLANG_WARN_RANGE_LOOP_ANALYSIS = YES;
				CLANG_WARN_STRICT_PROTOTYPES = YES;
				CLANG_WARN_SUSPICIOUS_MOVE = YES;
				CLANG_WARN_UNGUARDED_AVAILABILITY = YES_AGGRESSIVE;
				CLANG_WARN_UNREACHABLE_CODE = YES;
				CLANG_WARN__DUPLICATE_METHOD_MATCH = YES;
				CODE_SIGN_IDENTITY = "iPhone Developer";
				COPY_PHASE_STRIP = NO;
				DEBUG_INFORMATION_FORMAT = dwarf;
				ENABLE_STRICT_OBJC_MSGSEND = YES;
				ENABLE_TESTABILITY = YES;
				GCC_C_LANGUAGE_STANDARD = gnu11;
				GCC_DYNAMIC_NO_PIC = NO;
				GCC_NO_COMMON_BLOCKS = YES;
				GCC_OPTIMIZATION_LEVEL = 0;
				GCC_PREPROCESSOR_DEFINITIONS = (
					"DEBUG=1",
					"$(inherited)",
				);
				GCC_WARN_64_TO_32_BIT_CONVERSION = YES;
				GCC_WARN_ABOUT_RETURN_TYPE = YES_ERROR;
				GCC_WARN_UNDECLARED_SELECTOR = YES;
				GCC_WARN_UNINITIALIZED_AUTOS = YES_AGGRESSIVE;
				GCC_WARN_UNUSED_FUNCTION = YES;
				GCC_WARN_UNUSED_VARIABLE = YES;
				IPHONEOS_DEPLOYMENT_TARGET = 12.4;
				MTL_ENABLE_DEBUG_INFO = INCLUDE_SOURCE;
				MTL_FAST_MATH = YES;
				ONLY_ACTIVE_ARCH = YES;
				SDKROOT = iphoneos;
				SWIFT_ACTIVE_COMPILATION_CONDITIONS = DEBUG;
				SWIFT_OPTIMIZATION_LEVEL = "-Onone";
			};
			name = Debug;
		};
		4D5170622322A002002297A1 /* Release */ = {
			isa = XCBuildConfiguration;
			buildSettings = {
				ALWAYS_SEARCH_USER_PATHS = NO;
				CLANG_ANALYZER_NONNULL = YES;
				CLANG_ANALYZER_NUMBER_OBJECT_CONVERSION = YES_AGGRESSIVE;
				CLANG_CXX_LANGUAGE_STANDARD = "gnu++14";
				CLANG_CXX_LIBRARY = "libc++";
				CLANG_ENABLE_MODULES = YES;
				CLANG_ENABLE_OBJC_ARC = YES;
				CLANG_ENABLE_OBJC_WEAK = YES;
				CLANG_WARN_BLOCK_CAPTURE_AUTORELEASING = YES;
				CLANG_WARN_BOOL_CONVERSION = YES;
				CLANG_WARN_COMMA = YES;
				CLANG_WARN_CONSTANT_CONVERSION = YES;
				CLANG_WARN_DEPRECATED_OBJC_IMPLEMENTATIONS = YES;
				CLANG_WARN_DIRECT_OBJC_ISA_USAGE = YES_ERROR;
				CLANG_WARN_DOCUMENTATION_COMMENTS = YES;
				CLANG_WARN_EMPTY_BODY = YES;
				CLANG_WARN_ENUM_CONVERSION = YES;
				CLANG_WARN_INFINITE_RECURSION = YES;
				CLANG_WARN_INT_CONVERSION = YES;
				CLANG_WARN_NON_LITERAL_NULL_CONVERSION = YES;
				CLANG_WARN_OBJC_IMPLICIT_RETAIN_SELF = YES;
				CLANG_WARN_OBJC_LITERAL_CONVERSION = YES;
				CLANG_WARN_OBJC_ROOT_CLASS = YES_ERROR;
				CLANG_WARN_RANGE_LOOP_ANALYSIS = YES;
				CLANG_WARN_STRICT_PROTOTYPES = YES;
				CLANG_WARN_SUSPICIOUS_MOVE = YES;
				CLANG_WARN_UNGUARDED_AVAILABILITY = YES_AGGRESSIVE;
				CLANG_WARN_UNREACHABLE_CODE = YES;
				CLANG_WARN__DUPLICATE_METHOD_MATCH = YES;
				CODE_SIGN_IDENTITY = "iPhone Developer";
				COPY_PHASE_STRIP = NO;
				DEBUG_INFORMATION_FORMAT = "dwarf-with-dsym";
				ENABLE_NS_ASSERTIONS = NO;
				ENABLE_STRICT_OBJC_MSGSEND = YES;
				GCC_C_LANGUAGE_STANDARD = gnu11;
				GCC_NO_COMMON_BLOCKS = YES;
				GCC_WARN_64_TO_32_BIT_CONVERSION = YES;
				GCC_WARN_ABOUT_RETURN_TYPE = YES_ERROR;
				GCC_WARN_UNDECLARED_SELECTOR = YES;
				GCC_WARN_UNINITIALIZED_AUTOS = YES_AGGRESSIVE;
				GCC_WARN_UNUSED_FUNCTION = YES;
				GCC_WARN_UNUSED_VARIABLE = YES;
				IPHONEOS_DEPLOYMENT_TARGET = 12.4;
				MTL_ENABLE_DEBUG_INFO = NO;
				MTL_FAST_MATH = YES;
				SDKROOT = iphoneos;
				SWIFT_COMPILATION_MODE = wholemodule;
				SWIFT_OPTIMIZATION_LEVEL = "-O";
				VALIDATE_PRODUCT = YES;
			};
			name = Release;
		};
		4D5170642322A002002297A1 /* Debug */ = {
			isa = XCBuildConfiguration;
			buildSettings = {
				ASSETCATALOG_COMPILER_APPICON_NAME = AppIcon;
				CODE_SIGN_STYLE = Automatic;
				INFOPLIST_FILE = Concerts/Info.plist;
				LD_RUNPATH_SEARCH_PATHS = (
					"$(inherited)",
					"@executable_path/Frameworks",
				);
				PRODUCT_BUNDLE_IDENTIFIER = flPafRsnOsJ.Concerts;
				PRODUCT_NAME = "$(TARGET_NAME)";
				SWIFT_VERSION = 5.0;
				TARGETED_DEVICE_FAMILY = "1,2";
			};
			name = Debug;
		};
		4D5170652322A002002297A1 /* Release */ = {
			isa = XCBuildConfiguration;
			buildSettings = {
				ASSETCATALOG_COMPILER_APPICON_NAME = AppIcon;
				CODE_SIGN_STYLE = Automatic;
				INFOPLIST_FILE = Concerts/Info.plist;
				LD_RUNPATH_SEARCH_PATHS = (
					"$(inherited)",
					"@executable_path/Frameworks",
				);
				PRODUCT_BUNDLE_IDENTIFIER = flPafRsnOsJ.Concerts;
				PRODUCT_NAME = "$(TARGET_NAME)";
				SWIFT_VERSION = 5.0;
				TARGETED_DEVICE_FAMILY = "1,2";
			};
			name = Release;
		};
		4D5170672322A002002297A1 /* Debug */ = {
			isa = XCBuildConfiguration;
			buildSettings = {
				ALWAYS_EMBED_SWIFT_STANDARD_LIBRARIES = YES;
				BUNDLE_LOADER = "$(TEST_HOST)";
				CODE_SIGN_STYLE = Automatic;
				INFOPLIST_FILE = ConcertsTests/Info.plist;
				LD_RUNPATH_SEARCH_PATHS = (
					"$(inherited)",
					"@executable_path/Frameworks",
					"@loader_path/Frameworks",
				);
				PRODUCT_BUNDLE_IDENTIFIER = flPafRsnOsJ.ConcertsTests;
				PRODUCT_NAME = "$(TARGET_NAME)";
				SWIFT_VERSION = 5.0;
				TARGETED_DEVICE_FAMILY = "1,2";
				TEST_HOST = "$(BUILT_PRODUCTS_DIR)/Concerts.app/Concerts";
			};
			name = Debug;
		};
		4D5170682322A002002297A1 /* Release */ = {
			isa = XCBuildConfiguration;
			buildSettings = {
				ALWAYS_EMBED_SWIFT_STANDARD_LIBRARIES = YES;
				BUNDLE_LOADER = "$(TEST_HOST)";
				CODE_SIGN_STYLE = Automatic;
				INFOPLIST_FILE = ConcertsTests/Info.plist;
				LD_RUNPATH_SEARCH_PATHS = (
					"$(inherited)",
					"@executable_path/Frameworks",
					"@loader_path/Frameworks",
				);
				PRODUCT_BUNDLE_IDENTIFIER = flPafRsnOsJ.ConcertsTests;
				PRODUCT_NAME = "$(TARGET_NAME)";
				SWIFT_VERSION = 5.0;
				TARGETED_DEVICE_FAMILY = "1,2";
				TEST_HOST = "$(BUILT_PRODUCTS_DIR)/Concerts.app/Concerts";
			};
			name = Release;
		};
/* End XCBuildConfiguration section */

/* Begin XCConfigurationList section */
		4D51704123229FFF002297A1 /* Build configuration list for PBXProject "Concerts" */ = {
			isa = XCConfigurationList;
			buildConfigurations = (
				4D5170612322A002002297A1 /* Debug */,
				4D5170622322A002002297A1 /* Release */,
			);
			defaultConfigurationIsVisible = 0;
			defaultConfigurationName = Release;
		};
		4D5170632322A002002297A1 /* Build configuration list for PBXNativeTarget "Concerts" */ = {
			isa = XCConfigurationList;
			buildConfigurations = (
				4D5170642322A002002297A1 /* Debug */,
				4D5170652322A002002297A1 /* Release */,
			);
			defaultConfigurationIsVisible = 0;
			defaultConfigurationName = Release;
		};
		4D5170662322A002002297A1 /* Build configuration list for PBXNativeTarget "ConcertsTests" */ = {
			isa = XCConfigurationList;
			buildConfigurations = (
				4D5170672322A002002297A1 /* Debug */,
				4D5170682322A002002297A1 /* Release */,
			);
			defaultConfigurationIsVisible = 0;
			defaultConfigurationName = Release;
		};
/* End XCConfigurationList section */
	};
	rootObject = 4D51703E23229FFF002297A1 /* Project object */;
}
